github.com/domainry/domainry-orm v0.1.29 h1:cJLNjxCDmqQfY3//5l25T51tbrPUw30cO3aandF5VCw=
github.com/domainry/domainry-orm v0.1.29/go.mod h1:NKMojLuridkYCS4i5L7BO7LMTMsf/uOkWQ9OQ+9Vdn4=
github.com/domainry/domainry-report-sdk v0.1.0 h1:S0GyvZ3VA0OyahOh2lrkH2lehnN7IvaSbZS48d5owC8=
github.com/domainry/domainry-report-sdk v0.1.0/go.mod h1:8kehGJpFsG1jliMxHBBHbi4jE181DX0jPBK7wp1EKQM=
