github.com/domainry/domainry-orm v0.1.27 h1:bXpjvroFrwaj8tgI2zKmXeX4RCaSqCzfRs1AAkpCeHE=
github.com/domainry/domainry-orm v0.1.27/go.mod h1:NKMojLuridkYCS4i5L7BO7LMTMsf/uOkWQ9OQ+9Vdn4=
github.com/domainry/domainry-report-sdk v0.1.0 h1:S0GyvZ3VA0OyahOh2lrkH2lehnN7IvaSbZS48d5owC8=
github.com/domainry/domainry-report-sdk v0.1.0/go.mod h1:8kehGJpFsG1jliMxHBBHbi4jE181DX0jPBK7wp1EKQM=
